
Microsoft Visual Studio Solution File, Format Version 12.00
# Visual Studio Version 17
VisualStudioVersion = 17.2.32526.322
MinimumVisualStudioVersion = 10.0.40219.1
Project("{9A19103F-16F7-4668-BE54-9A1E7A4F7556}") = "CourierCompany", "CourierCompany\CourierCompany.csproj", "{D021F0EF-45DA-4C0B-8901-FDF1ED44C066}"
EndProject
Project("{FAE04EC0-301F-11D3-BF4B-00C04F79EFBC}") = "JsonIntegrationLibrary", "JsonIntegrationLibrary\JsonIntegrationLibrary.csproj", "{A4EDD647-F811-40FA-AAF3-721814E09ADC}"
EndProject
Global
	GlobalSection(SolutionConfigurationPlatforms) = preSolution
		Debug|Any CPU = Debug|Any CPU
		Release|Any CPU = Release|Any CPU
	EndGlobalSection
	GlobalSection(ProjectConfigurationPlatforms) = postSolution
		{D021F0EF-45DA-4C0B-8901-FDF1ED44C066}.Debug|Any CPU.ActiveCfg = Debug|Any CPU
		{D021F0EF-45DA-4C0B-8901-FDF1ED44C066}.Debug|Any CPU.Build.0 = Debug|Any CPU
		{D021F0EF-45DA-4C0B-8901-FDF1ED44C066}.Release|Any CPU.ActiveCfg = Release|Any CPU
		{D021F0EF-45DA-4C0B-8901-FDF1ED44C066}.Release|Any CPU.Build.0 = Release|Any CPU
		{A4EDD647-F811-40FA-AAF3-721814E09ADC}.Debug|Any CPU.ActiveCfg = Debug|Any CPU
		{A4EDD647-F811-40FA-AAF3-721814E09ADC}.Debug|Any CPU.Build.0 = Debug|Any CPU
		{A4EDD647-F811-40FA-AAF3-721814E09ADC}.Release|Any CPU.ActiveCfg = Release|Any CPU
		{A4EDD647-F811-40FA-AAF3-721814E09ADC}.Release|Any CPU.Build.0 = Release|Any CPU
	EndGlobalSection
	GlobalSection(SolutionProperties) = preSolution
		HideSolutionNode = FALSE
	EndGlobalSection
	GlobalSection(ExtensibilityGlobals) = postSolution
		SolutionGuid = {17E68FDA-FFFF-48B0-AEE7-3939FF8627A6}
	EndGlobalSection
EndGlobal
